// !$*UTF8*$!
{
	archiveVersion = 1;
	classes = {
	};
	objectVersion = 77;
	objects = {

/* Begin PBXBuildFile section */
		630CF38D2F359EB900538CA2 /* DataStructures in Frameworks */ = {isa = PBXBuildFile; productRef = 630CF38C2F359EB900538CA2 /* DataStructures */; };
		6390715C2E1B728100FE7DEE /* lecs-swift in Frameworks */ = {isa = PBXBuildFile; productRef = 6390715B2E1B728100FE7DEE /* lecs-swift */; };
		63CEB8A82F454A5700700D04 /* VRTMath in Frameworks */ = {isa = PBXBuildFile; productRef = 63CEB8A72F454A5700700D04 /* VRTMath */; };
/* End PBXBuildFile section */

/* Begin PBXContainerItemProxy section */
		631E2DC62DE90E3400A5F49C /* PBXContainerItemProxy */ = {
			isa = PBXContainerItemProxy;
			containerPortal = 631E2DAF2DE90E3200A5F49C /* Project object */;
			proxyType = 1;
			remoteGlobalIDString = 631E2DB62DE90E3200A5F49C;
			remoteInfo = gamesomesort;
		};
		631E2DD02DE90E3400A5F49C /* PBXContainerItemProxy */ = {
			isa = PBXContainerItemProxy;
			containerPortal = 631E2DAF2DE90E3200A5F49C /* Project object */;
			proxyType = 1;
			remoteGlobalIDString = 631E2DB62DE90E3200A5F49C;
			remoteInfo = gamesomesort;
		};
/* End PBXContainerItemProxy section */

/* Begin PBXFileReference section */
		631E2DB72DE90E3200A5F49C /* gamesomesort.app */ = {isa = PBXFileReference; explicitFileType = wrapper.application; includeInIndex = 0; path = gamesomesort.app; sourceTree = BUILT_PRODUCTS_DIR; };
		631E2DC52DE90E3400A5F49C /* gamesomesortTests.xctest */ = {isa = PBXFileReference; explicitFileType = wrapper.cfbundle; includeInIndex = 0; path = gamesomesortTests.xctest; sourceTree = BUILT_PRODUCTS_DIR; };
		631E2DCF2DE90E3400A5F49C /* gamesomesortUITests.xctest */ = {isa = PBXFileReference; explicitFileType = wrapper.cfbundle; includeInIndex = 0; path = gamesomesortUITests.xctest; sourceTree = BUILT_PRODUCTS_DIR; };
		637CB1492DE9530600A2947D /* .editorconfig */ = {isa = PBXFileReference; lastKnownFileType = text; path = .editorconfig; sourceTree = "<group>"; };
		637CB14B2DE9531B00A2947D /* .gitignore */ = {isa = PBXFileReference; lastKnownFileType = text; path = .gitignore; sourceTree = "<group>"; };
		637CB14C2DE9532D00A2947D /* .swift-format */ = {isa = PBXFileReference; lastKnownFileType = text; path = ".swift-format"; sourceTree = "<group>"; };
		637CB14D2DE9534B00A2947D /* README.md */ = {isa = PBXFileReference; lastKnownFileType = net.daringfireball.markdown; path = README.md; sourceTree = "<group>"; };
		63CEB8292F45479A00700D04 /* DataStructures */ = {isa = PBXFileReference; lastKnownFileType = wrapper; path = DataStructures; sourceTree = "<group>"; };
		63CEB8A62F454A1D00700D04 /* VRTMath */ = {isa = PBXFileReference; lastKnownFileType = wrapper; path = VRTMath; sourceTree = "<group>"; };
/* End PBXFileReference section */

/* Begin PBXFileSystemSynchronizedGroupBuildPhaseMembershipExceptionSet section */
		634A901D2DF3E4E400DF3497 /* Exceptions for "gamesomesort" folder in "Compile Sources" phase from "gamesomesort" target */ = {
			isa = PBXFileSystemSynchronizedGroupBuildPhaseMembershipExceptionSet;
			buildPhase = 631E2DB32DE90E3200A5F49C /* Sources */;
			membershipExceptions = (
				Shaders/Common.h,
			);
		};
/* End PBXFileSystemSynchronizedGroupBuildPhaseMembershipExceptionSet section */

/* Begin PBXFileSystemSynchronizedRootGroup section */
		631E2DB92DE90E3200A5F49C /* gamesomesort */ = {
			isa = PBXFileSystemSynchronizedRootGroup;
			exceptions = (
				634A901D2DF3E4E400DF3497 /* Exceptions for "gamesomesort" folder in "Compile Sources" phase from "gamesomesort" target */,
			);
			path = gamesomesort;
			sourceTree = "<group>";
		};
		631E2DC82DE90E3400A5F49C /* gamesomesortTests */ = {
			isa = PBXFileSystemSynchronizedRootGroup;
			path = gamesomesortTests;
			sourceTree = "<group>";
		};
		631E2DD22DE90E3400A5F49C /* gamesomesortUITests */ = {
			isa = PBXFileSystemSynchronizedRootGroup;
			path = gamesomesortUITests;
			sourceTree = "<group>";
		};
/* End PBXFileSystemSynchronizedRootGroup section */

/* Begin PBXFrameworksBuildPhase section */
		631E2DB42DE90E3200A5F49C /* Frameworks */ = {
			isa = PBXFrameworksBuildPhase;
			buildActionMask = 2147483647;
			files = (
				63CEB8A82F454A5700700D04 /* VRTMath in Frameworks */,
				630CF38D2F359EB900538CA2 /* DataStructures in Frameworks */,
				6390715C2E1B728100FE7DEE /* lecs-swift in Frameworks */,
			);
			runOnlyForDeploymentPostprocessing = 0;
		};
		631E2DC22DE90E3400A5F49C /* Frameworks */ = {
			isa = PBXFrameworksBuildPhase;
			buildActionMask = 2147483647;
			files = (
			);
			runOnlyForDeploymentPostprocessing = 0;
		};
		631E2DCC2DE90E3400A5F49C /* Frameworks */ = {
			isa = PBXFrameworksBuildPhase;
			buildActionMask = 2147483647;
			files = (
			);
			runOnlyForDeploymentPostprocessing = 0;
		};
/* End PBXFrameworksBuildPhase section */

/* Begin PBXGroup section */
		631840DE2DEE63FE008A8123 /* Frameworks */ = {
			isa = PBXGroup;
			children = (
			);
			name = Frameworks;
			sourceTree = "<group>";
		};
		631E2DAE2DE90E3200A5F49C = {
			isa = PBXGroup;
			children = (
				63CEB8A62F454A1D00700D04 /* VRTMath */,
				637CB14D2DE9534B00A2947D /* README.md */,
				637CB14C2DE9532D00A2947D /* .swift-format */,
				637CB14B2DE9531B00A2947D /* .gitignore */,
				637CB1492DE9530600A2947D /* .editorconfig */,
				63CEB8292F45479A00700D04 /* DataStructures */,
				631E2DB92DE90E3200A5F49C /* gamesomesort */,
				631E2DC82DE90E3400A5F49C /* gamesomesortTests */,
				631E2DD22DE90E3400A5F49C /* gamesomesortUITests */,
				631840DE2DEE63FE008A8123 /* Frameworks */,
				631E2DB82DE90E3200A5F49C /* Products */,
			);
			sourceTree = "<group>";
		};
		631E2DB82DE90E3200A5F49C /* Products */ = {
			isa = PBXGroup;
			children = (
				631E2DB72DE90E3200A5F49C /* gamesomesort.app */,
				631E2DC52DE90E3400A5F49C /* gamesomesortTests.xctest */,
				631E2DCF2DE90E3400A5F49C /* gamesomesortUITests.xctest */,
			);
			name = Products;
			sourceTree = "<group>";
		};
/* End PBXGroup section */

/* Begin PBXNativeTarget section */
		631E2DB62DE90E3200A5F49C /* gamesomesort */ = {
			isa = PBXNativeTarget;
			buildConfigurationList = 631E2DD92DE90E3400A5F49C /* Build configuration list for PBXNativeTarget "gamesomesort" */;
			buildPhases = (
				631E2DB32DE90E3200A5F49C /* Sources */,
				631E2DB42DE90E3200A5F49C /* Frameworks */,
				631E2DB52DE90E3200A5F49C /* Resources */,
				637CB14E2DE955CF00A2947D /* swift format lint gamesomesort */,
			);
			buildRules = (
			);
			dependencies = (
			);
			fileSystemSynchronizedGroups = (
				631E2DB92DE90E3200A5F49C /* gamesomesort */,
			);
			name = gamesomesort;
			packageProductDependencies = (
				6390715B2E1B728100FE7DEE /* lecs-swift */,
				630CF38C2F359EB900538CA2 /* DataStructures */,
				63CEB8A72F454A5700700D04 /* VRTMath */,
			);
			productName = gamesomesort;
			productReference = 631E2DB72DE90E3200A5F49C /* gamesomesort.app */;
			productType = "com.apple.product-type.application";
		};
		631E2DC42DE90E3400A5F49C /* gamesomesortTests */ = {
			isa = PBXNativeTarget;
			buildConfigurationList = 631E2DDC2DE90E3400A5F49C /* Build configuration list for PBXNativeTarget "gamesomesortTests" */;
			buildPhases = (
				631E2DC12DE90E3400A5F49C /* Sources */,
				631E2DC22DE90E3400A5F49C /* Frameworks */,
				631E2DC32DE90E3400A5F49C /* Resources */,
			);
			buildRules = (
			);
			dependencies = (
				631E2DC72DE90E3400A5F49C /* PBXTargetDependency */,
			);
			fileSystemSynchronizedGroups = (
				631E2DC82DE90E3400A5F49C /* gamesomesortTests */,
			);
			name = gamesomesortTests;
			packageProductDependencies = (
			);
			productName = gamesomesortTests;
			productReference = 631E2DC52DE90E3400A5F49C /* gamesomesortTests.xctest */;
			productType = "com.apple.product-type.bundle.unit-test";
		};
		631E2DCE2DE90E3400A5F49C /* gamesomesortUITests */ = {
			isa = PBXNativeTarget;
			buildConfigurationList = 631E2DDF2DE90E3400A5F49C /* Build configuration list for PBXNativeTarget "gamesomesortUITests" */;
			buildPhases = (
				631E2DCB2DE90E3400A5F49C /* Sources */,
				631E2DCC2DE90E3400A5F49C /* Frameworks */,
				631E2DCD2DE90E3400A5F49C /* Resources */,
			);
			buildRules = (
			);
			dependencies = (
				631E2DD12DE90E3400A5F49C /* PBXTargetDependency */,
			);
			fileSystemSynchronizedGroups = (
				631E2DD22DE90E3400A5F49C /* gamesomesortUITests */,
			);
			name = gamesomesortUITests;
			packageProductDependencies = (
			);
			productName = gamesomesortUITests;
			productReference = 631E2DCF2DE90E3400A5F49C /* gamesomesortUITests.xctest */;
			productType = "com.apple.product-type.bundle.ui-testing";
		};
/* End PBXNativeTarget section */

/* Begin PBXProject section */
		631E2DAF2DE90E3200A5F49C /* Project object */ = {
			isa = PBXProject;
			attributes = {
				BuildIndependentTargetsInParallel = 1;
				LastSwiftUpdateCheck = 1640;
				LastUpgradeCheck = 2600;
				TargetAttributes = {
					631E2DB62DE90E3200A5F49C = {
						CreatedOnToolsVersion = 16.4;
					};
					631E2DC42DE90E3400A5F49C = {
						CreatedOnToolsVersion = 16.4;
						TestTargetID = 631E2DB62DE90E3200A5F49C;
					};
					631E2DCE2DE90E3400A5F49C = {
						CreatedOnToolsVersion = 16.4;
						TestTargetID = 631E2DB62DE90E3200A5F49C;
					};
				};
			};
			buildConfigurationList = 631E2DB22DE90E3200A5F49C /* Build configuration list for PBXProject "gamesomesort" */;
			developmentRegion = en;
			hasScannedForEncodings = 0;
			knownRegions = (
				en,
				Base,
			);
			mainGroup = 631E2DAE2DE90E3200A5F49C;
			minimizedProjectReferenceProxies = 1;
			packageReferences = (
				6390715A2E1B728100FE7DEE /* XCLocalSwiftPackageReference "lecs-swift" */,
			);
			preferredProjectObjectVersion = 77;
			productRefGroup = 631E2DB82DE90E3200A5F49C /* Products */;
			projectDirPath = "";
			projectRoot = "";
			targets = (
				631E2DB62DE90E3200A5F49C /* gamesomesort */,
				631E2DC42DE90E3400A5F49C /* gamesomesortTests */,
				631E2DCE2DE90E3400A5F49C /* gamesomesortUITests */,
			);
		};
/* End PBXProject section */

/* Begin PBXResourcesBuildPhase section */
		631E2DB52DE90E3200A5F49C /* Resources */ = {
			isa = PBXResourcesBuildPhase;
			buildActionMask = 2147483647;
			files = (
			);
			runOnlyForDeploymentPostprocessing = 0;
		};
		631E2DC32DE90E3400A5F49C /* Resources */ = {
			isa = PBXResourcesBuildPhase;
			buildActionMask = 2147483647;
			files = (
			);
			runOnlyForDeploymentPostprocessing = 0;
		};
		631E2DCD2DE90E3400A5F49C /* Resources */ = {
			isa = PBXResourcesBuildPhase;
			buildActionMask = 2147483647;
			files = (
			);
			runOnlyForDeploymentPostprocessing = 0;
		};
/* End PBXResourcesBuildPhase section */

/* Begin PBXShellScriptBuildPhase section */
		637CB14E2DE955CF00A2947D /* swift format lint gamesomesort */ = {
			isa = PBXShellScriptBuildPhase;
			alwaysOutOfDate = 1;
			buildActionMask = 2147483647;
			files = (
			);
			inputFileListPaths = (
			);
			inputPaths = (
			);
			name = "swift format lint gamesomesort";
			outputFileListPaths = (
			);
			outputPaths = (
			);
			runOnlyForDeploymentPostprocessing = 0;
			shellPath = /bin/zsh;
			shellScript = "swift format lint --recursive --configuration=.swift-format ${SRCROOT}/gamesomesort*\n";
			showEnvVarsInLog = 0;
		};
/* End PBXShellScriptBuildPhase section */

/* Begin PBXSourcesBuildPhase section */
		631E2DB32DE90E3200A5F49C /* Sources */ = {
			isa = PBXSourcesBuildPhase;
			buildActionMask = 2147483647;
			files = (
			);
			runOnlyForDeploymentPostprocessing = 0;
		};
		631E2DC12DE90E3400A5F49C /* Sources */ = {
			isa = PBXSourcesBuildPhase;
			buildActionMask = 2147483647;
			files = (
			);
			runOnlyForDeploymentPostprocessing = 0;
		};
		631E2DCB2DE90E3400A5F49C /* Sources */ = {
			isa = PBXSourcesBuildPhase;
			buildActionMask = 2147483647;
			files = (
			);
			runOnlyForDeploymentPostprocessing = 0;
		};
/* End PBXSourcesBuildPhase section */

/* Begin PBXTargetDependency section */
		631E2DC72DE90E3400A5F49C /* PBXTargetDependency */ = {
			isa = PBXTargetDependency;
			target = 631E2DB62DE90E3200A5F49C /* gamesomesort */;
			targetProxy = 631E2DC62DE90E3400A5F49C /* PBXContainerItemProxy */;
		};
		631E2DD12DE90E3400A5F49C /* PBXTargetDependency */ = {
			isa = PBXTargetDependency;
			target = 631E2DB62DE90E3200A5F49C /* gamesomesort */;
			targetProxy = 631E2DD02DE90E3400A5F49C /* PBXContainerItemProxy */;
		};
/* End PBXTargetDependency section */

/* Begin XCBuildConfiguration section */
		631E2DD72DE90E3400A5F49C /* Debug */ = {
			isa = XCBuildConfiguration;
			buildSettings = {
				ALWAYS_SEARCH_USER_PATHS = NO;
				ASSETCATALOG_COMPILER_GENERATE_SWIFT_ASSET_SYMBOL_EXTENSIONS = YES;
				CLANG_ANALYZER_NONNULL = YES;
				CLANG_ANALYZER_NUMBER_OBJECT_CONVERSION = YES_AGGRESSIVE;
				CLANG_CXX_LANGUAGE_STANDARD = "gnu++20";
				CLANG_ENABLE_MODULES = YES;
				CLANG_ENABLE_OBJC_ARC = YES;
				CLANG_ENABLE_OBJC_WEAK = YES;
				CLANG_WARN_BLOCK_CAPTURE_AUTORELEASING = YES;
				CLANG_WARN_BOOL_CONVERSION = YES;
				CLANG_WARN_COMMA = YES;
				CLANG_WARN_CONSTANT_CONVERSION = YES;
				CLANG_WARN_DEPRECATED_OBJC_IMPLEMENTATIONS = YES;
				CLANG_WARN_DIRECT_OBJC_ISA_USAGE = YES_ERROR;
				CLANG_WARN_DOCUMENTATION_COMMENTS = YES;
				CLANG_WARN_EMPTY_BODY = YES;
				CLANG_WARN_ENUM_CONVERSION = YES;
				CLANG_WARN_INFINITE_RECURSION = YES;
				CLANG_WARN_INT_CONVERSION = YES;
				CLANG_WARN_NON_LITERAL_NULL_CONVERSION = YES;
				CLANG_WARN_OBJC_IMPLICIT_RETAIN_SELF = YES;
				CLANG_WARN_OBJC_LITERAL_CONVERSION = YES;
				CLANG_WARN_OBJC_ROOT_CLASS = YES_ERROR;
				CLANG_WARN_QUOTED_INCLUDE_IN_FRAMEWORK_HEADER = YES;
				CLANG_WARN_RANGE_LOOP_ANALYSIS = YES;
				CLANG_WARN_STRICT_PROTOTYPES = YES;
				CLANG_WARN_SUSPICIOUS_MOVE = YES;
				CLANG_WARN_UNGUARDED_AVAILABILITY = YES_AGGRESSIVE;
				CLANG_WARN_UNREACHABLE_CODE = YES;
				CLANG_WARN__DUPLICATE_METHOD_MATCH = YES;
				COPY_PHASE_STRIP = NO;
				DEAD_CODE_STRIPPING = YES;
				DEBUG_INFORMATION_FORMAT = dwarf;
				DEVELOPMENT_TEAM = VUGNZY6N5J;
				ENABLE_STRICT_OBJC_MSGSEND = YES;
				ENABLE_TESTABILITY = YES;
				ENABLE_USER_SCRIPT_SANDBOXING = YES;
				GCC_C_LANGUAGE_STANDARD = gnu17;
				GCC_DYNAMIC_NO_PIC = NO;
				GCC_NO_COMMON_BLOCKS = YES;
				GCC_OPTIMIZATION_LEVEL = 0;
				GCC_PREPROCESSOR_DEFINITIONS = (
					"DEBUG=1",
					"$(inherited)",
				);
				GCC_WARN_64_TO_32_BIT_CONVERSION = YES;
				GCC_WARN_ABOUT_RETURN_TYPE = YES_ERROR;
				GCC_WARN_UNDECLARED_SELECTOR = YES;
				GCC_WARN_UNINITIALIZED_AUTOS = YES_AGGRESSIVE;
				GCC_WARN_UNUSED_FUNCTION = YES;
				GCC_WARN_UNUSED_VARIABLE = YES;
				LOCALIZATION_PREFERS_STRING_CATALOGS = YES;
				MTL_ENABLE_DEBUG_INFO = INCLUDE_SOURCE;
				MTL_FAST_MATH = YES;
				ONLY_ACTIVE_ARCH = YES;
				STRING_CATALOG_GENERATE_SYMBOLS = YES;
				SWIFT_ACTIVE_COMPILATION_CONDITIONS = "DEBUG $(inherited)";
				"SWIFT_OBJC_BRIDGING_HEADER[arch=*]" = gamesomesort/Shaders/Common.h;
				SWIFT_OPTIMIZATION_LEVEL = "-Onone";
			};
			name = Debug;
		};
		631E2DD82DE90E3400A5F49C /* Release */ = {
			isa = XCBuildConfiguration;
			buildSettings = {
				ALWAYS_SEARCH_USER_PATHS = NO;
				ASSETCATALOG_COMPILER_GENERATE_SWIFT_ASSET_SYMBOL_EXTENSIONS = YES;
				CLANG_ANALYZER_NONNULL = YES;
				CLANG_ANALYZER_NUMBER_OBJECT_CONVERSION = YES_AGGRESSIVE;
				CLANG_CXX_LANGUAGE_STANDARD = "gnu++20";
				CLANG_ENABLE_MODULES = YES;
				CLANG_ENABLE_OBJC_ARC = YES;
				CLANG_ENABLE_OBJC_WEAK = YES;
				CLANG_WARN_BLOCK_CAPTURE_AUTORELEASING = YES;
				CLANG_WARN_BOOL_CONVERSION = YES;
				CLANG_WARN_COMMA = YES;
				CLANG_WARN_CONSTANT_CONVERSION = YES;
				CLANG_WARN_DEPRECATED_OBJC_IMPLEMENTATIONS = YES;
				CLANG_WARN_DIRECT_OBJC_ISA_USAGE = YES_ERROR;
				CLANG_WARN_DOCUMENTATION_COMMENTS = YES;
				CLANG_WARN_EMPTY_BODY = YES;
				CLANG_WARN_ENUM_CONVERSION = YES;
				CLANG_WARN_INFINITE_RECURSION = YES;
				CLANG_WARN_INT_CONVERSION = YES;
				CLANG_WARN_NON_LITERAL_NULL_CONVERSION = YES;
				CLANG_WARN_OBJC_IMPLICIT_RETAIN_SELF = YES;
				CLANG_WARN_OBJC_LITERAL_CONVERSION = YES;
				CLANG_WARN_OBJC_ROOT_CLASS = YES_ERROR;
				CLANG_WARN_QUOTED_INCLUDE_IN_FRAMEWORK_HEADER = YES;
				CLANG_WARN_RANGE_LOOP_ANALYSIS = YES;
				CLANG_WARN_STRICT_PROTOTYPES = YES;
				CLANG_WARN_SUSPICIOUS_MOVE = YES;
				CLANG_WARN_UNGUARDED_AVAILABILITY = YES_AGGRESSIVE;
				CLANG_WARN_UNREACHABLE_CODE = YES;
				CLANG_WARN__DUPLICATE_METHOD_MATCH = YES;
				COPY_PHASE_STRIP = NO;
				DEAD_CODE_STRIPPING = YES;
				DEBUG_INFORMATION_FORMAT = "dwarf-with-dsym";
				DEVELOPMENT_TEAM = VUGNZY6N5J;
				ENABLE_NS_ASSERTIONS = NO;
				ENABLE_STRICT_OBJC_MSGSEND = YES;
				ENABLE_USER_SCRIPT_SANDBOXING = YES;
				GCC_C_LANGUAGE_STANDARD = gnu17;
				GCC_NO_COMMON_BLOCKS = YES;
				GCC_WARN_64_TO_32_BIT_CONVERSION = YES;
				GCC_WARN_ABOUT_RETURN_TYPE = YES_ERROR;
				GCC_WARN_UNDECLARED_SELECTOR = YES;
				GCC_WARN_UNINITIALIZED_AUTOS = YES_AGGRESSIVE;
				GCC_WARN_UNUSED_FUNCTION = YES;
				GCC_WARN_UNUSED_VARIABLE = YES;
				LOCALIZATION_PREFERS_STRING_CATALOGS = YES;
				MTL_ENABLE_DEBUG_INFO = NO;
				MTL_FAST_MATH = YES;
				STRING_CATALOG_GENERATE_SYMBOLS = YES;
				SWIFT_COMPILATION_MODE = wholemodule;
				"SWIFT_OBJC_BRIDGING_HEADER[arch=*]" = gamesomesort/Shaders/Common.h;
			};
			name = Release;
		};
		631E2DDA2DE90E3400A5F49C /* Debug */ = {
			isa = XCBuildConfiguration;
			buildSettings = {
				ASSETCATALOG_COMPILER_APPICON_NAME = AppIcon;
				ASSETCATALOG_COMPILER_GLOBAL_ACCENT_COLOR_NAME = AccentColor;
				CODE_SIGN_ENTITLEMENTS = gamesomesort/gamesomesort.entitlements;
				CODE_SIGN_STYLE = Automatic;
				CURRENT_PROJECT_VERSION = 1;
				DEAD_CODE_STRIPPING = YES;
				DEVELOPMENT_TEAM = VUGNZY6N5J;
				ENABLE_APP_SANDBOX = YES;
				ENABLE_HARDENED_RUNTIME = YES;
				ENABLE_PREVIEWS = YES;
				ENABLE_USER_SCRIPT_SANDBOXING = NO;
				ENABLE_USER_SELECTED_FILES = readonly;
				GENERATE_INFOPLIST_FILE = YES;
				INFOPLIST_KEY_CFBundleDisplayName = somesort;
				INFOPLIST_KEY_LSApplicationCategoryType = "public.app-category.games";
				"INFOPLIST_KEY_UIApplicationSceneManifest_Generation[sdk=iphoneos*]" = YES;
				"INFOPLIST_KEY_UIApplicationSceneManifest_Generation[sdk=iphonesimulator*]" = YES;
				"INFOPLIST_KEY_UIApplicationSupportsIndirectInputEvents[sdk=iphoneos*]" = YES;
				"INFOPLIST_KEY_UIApplicationSupportsIndirectInputEvents[sdk=iphonesimulator*]" = YES;
				"INFOPLIST_KEY_UILaunchScreen_Generation[sdk=iphoneos*]" = YES;
				"INFOPLIST_KEY_UILaunchScreen_Generation[sdk=iphonesimulator*]" = YES;
				"INFOPLIST_KEY_UIStatusBarStyle[sdk=iphoneos*]" = UIStatusBarStyleDefault;
				"INFOPLIST_KEY_UIStatusBarStyle[sdk=iphonesimulator*]" = UIStatusBarStyleDefault;
				INFOPLIST_KEY_UISupportedInterfaceOrientations = "UIInterfaceOrientationLandscapeLeft UIInterfaceOrientationLandscapeRight UIInterfaceOrientationPortrait UIInterfaceOrientationPortraitUpsideDown";
				IPHONEOS_DEPLOYMENT_TARGET = 18.5;
				LD_RUNPATH_SEARCH_PATHS = "@executable_path/Frameworks";
				"LD_RUNPATH_SEARCH_PATHS[sdk=macosx*]" = "@executable_path/../Frameworks";
				MACOSX_DEPLOYMENT_TARGET = 15.5;
				MARKETING_VERSION = 0.1;
				PRODUCT_BUNDLE_IDENTIFIER = com.dkanen.gamesomesort;
				PRODUCT_NAME = "$(TARGET_NAME)";
				REGISTER_APP_GROUPS = YES;
				SDKROOT = auto;
				SUPPORTED_PLATFORMS = "appletvos appletvsimulator iphoneos iphonesimulator macosx xros xrsimulator";
				SUPPORTS_MACCATALYST = NO;
				SWIFT_EMIT_LOC_STRINGS = YES;
				SWIFT_VERSION = 6.0;
				TARGETED_DEVICE_FAMILY = "1,2,3,7";
				XROS_DEPLOYMENT_TARGET = 2.5;
			};
			name = Debug;
		};
		631E2DDB2DE90E3400A5F49C /* Release */ = {
			isa = XCBuildConfiguration;
			buildSettings = {
				ASSETCATALOG_COMPILER_APPICON_NAME = AppIcon;
				ASSETCATALOG_COMPILER_GLOBAL_ACCENT_COLOR_NAME = AccentColor;
				CODE_SIGN_ENTITLEMENTS = gamesomesort/gamesomesort.entitlements;
				CODE_SIGN_STYLE = Automatic;
				CURRENT_PROJECT_VERSION = 1;
				DEAD_CODE_STRIPPING = YES;
				DEVELOPMENT_TEAM = VUGNZY6N5J;
				ENABLE_APP_SANDBOX = YES;
				ENABLE_HARDENED_RUNTIME = YES;
				ENABLE_PREVIEWS = YES;
				ENABLE_USER_SCRIPT_SANDBOXING = NO;
				ENABLE_USER_SELECTED_FILES = readonly;
				GENERATE_INFOPLIST_FILE = YES;
				INFOPLIST_KEY_CFBundleDisplayName = somesort;
				INFOPLIST_KEY_LSApplicationCategoryType = "public.app-category.games";
				"INFOPLIST_KEY_UIApplicationSceneManifest_Generation[sdk=iphoneos*]" = YES;
				"INFOPLIST_KEY_UIApplicationSceneManifest_Generation[sdk=iphonesimulator*]" = YES;
				"INFOPLIST_KEY_UIApplicationSupportsIndirectInputEvents[sdk=iphoneos*]" = YES;
				"INFOPLIST_KEY_UIApplicationSupportsIndirectInputEvents[sdk=iphonesimulator*]" = YES;
				"INFOPLIST_KEY_UILaunchScreen_Generation[sdk=iphoneos*]" = YES;
				"INFOPLIST_KEY_UILaunchScreen_Generation[sdk=iphonesimulator*]" = YES;
				"INFOPLIST_KEY_UIStatusBarStyle[sdk=iphoneos*]" = UIStatusBarStyleDefault;
				"INFOPLIST_KEY_UIStatusBarStyle[sdk=iphonesimulator*]" = UIStatusBarStyleDefault;
				INFOPLIST_KEY_UISupportedInterfaceOrientations = "UIInterfaceOrientationLandscapeLeft UIInterfaceOrientationLandscapeRight UIInterfaceOrientationPortrait UIInterfaceOrientationPortraitUpsideDown";
				IPHONEOS_DEPLOYMENT_TARGET = 18.5;
				LD_RUNPATH_SEARCH_PATHS = "@executable_path/Frameworks";
				"LD_RUNPATH_SEARCH_PATHS[sdk=macosx*]" = "@executable_path/../Frameworks";
				MACOSX_DEPLOYMENT_TARGET = 15.5;
				MARKETING_VERSION = 0.1;
				PRODUCT_BUNDLE_IDENTIFIER = com.dkanen.gamesomesort;
				PRODUCT_NAME = "$(TARGET_NAME)";
				REGISTER_APP_GROUPS = YES;
				SDKROOT = auto;
				SUPPORTED_PLATFORMS = "appletvos appletvsimulator iphoneos iphonesimulator macosx xros xrsimulator";
				SUPPORTS_MACCATALYST = NO;
				SWIFT_EMIT_LOC_STRINGS = YES;
				SWIFT_VERSION = 6.0;
				TARGETED_DEVICE_FAMILY = "1,2,3,7";
				XROS_DEPLOYMENT_TARGET = 2.5;
			};
			name = Release;
		};
		631E2DDD2DE90E3400A5F49C /* Debug */ = {
			isa = XCBuildConfiguration;
			buildSettings = {
				BUNDLE_LOADER = "$(TEST_HOST)";
				CODE_SIGN_STYLE = Automatic;
				CURRENT_PROJECT_VERSION = 1;
				DEAD_CODE_STRIPPING = YES;
				DEVELOPMENT_TEAM = VUGNZY6N5J;
				GENERATE_INFOPLIST_FILE = YES;
				IPHONEOS_DEPLOYMENT_TARGET = 18.5;
				MACOSX_DEPLOYMENT_TARGET = 15.5;
				MARKETING_VERSION = 1.0;
				PRODUCT_BUNDLE_IDENTIFIER = com.dkanen.gamesomesortTests;
				PRODUCT_NAME = "$(TARGET_NAME)";
				SDKROOT = auto;
				SUPPORTED_PLATFORMS = "iphoneos iphonesimulator macosx xros xrsimulator";
				SWIFT_EMIT_LOC_STRINGS = NO;
				SWIFT_VERSION = 5.0;
				TARGETED_DEVICE_FAMILY = "1,2,7";
				TEST_HOST = "$(BUILT_PRODUCTS_DIR)/gamesomesort.app/$(BUNDLE_EXECUTABLE_FOLDER_PATH)/gamesomesort";
				XROS_DEPLOYMENT_TARGET = 2.5;
			};
			name = Debug;
		};
		631E2DDE2DE90E3400A5F49C /* Release */ = {
			isa = XCBuildConfiguration;
			buildSettings = {
				BUNDLE_LOADER = "$(TEST_HOST)";
				CODE_SIGN_STYLE = Automatic;
				CURRENT_PROJECT_VERSION = 1;
				DEAD_CODE_STRIPPING = YES;
				DEVELOPMENT_TEAM = VUGNZY6N5J;
				GENERATE_INFOPLIST_FILE = YES;
				IPHONEOS_DEPLOYMENT_TARGET = 18.5;
				MACOSX_DEPLOYMENT_TARGET = 15.5;
				MARKETING_VERSION = 1.0;
				PRODUCT_BUNDLE_IDENTIFIER = com.dkanen.gamesomesortTests;
				PRODUCT_NAME = "$(TARGET_NAME)";
				SDKROOT = auto;
				SUPPORTED_PLATFORMS = "iphoneos iphonesimulator macosx xros xrsimulator";
				SWIFT_EMIT_LOC_STRINGS = NO;
				SWIFT_VERSION = 5.0;
				TARGETED_DEVICE_FAMILY = "1,2,7";
				TEST_HOST = "$(BUILT_PRODUCTS_DIR)/gamesomesort.app/$(BUNDLE_EXECUTABLE_FOLDER_PATH)/gamesomesort";
				XROS_DEPLOYMENT_TARGET = 2.5;
			};
			name = Release;
		};
		631E2DE02DE90E3400A5F49C /* Debug */ = {
			isa = XCBuildConfiguration;
			buildSettings = {
				CODE_SIGN_STYLE = Automatic;
				CURRENT_PROJECT_VERSION = 1;
				DEAD_CODE_STRIPPING = YES;
				DEVELOPMENT_TEAM = VUGNZY6N5J;
				GENERATE_INFOPLIST_FILE = YES;
				IPHONEOS_DEPLOYMENT_TARGET = 18.5;
				MACOSX_DEPLOYMENT_TARGET = 15.5;
				MARKETING_VERSION = 1.0;
				PRODUCT_BUNDLE_IDENTIFIER = com.dkanen.gamesomesortUITests;
				PRODUCT_NAME = "$(TARGET_NAME)";
				SDKROOT = auto;
				SUPPORTED_PLATFORMS = "iphoneos iphonesimulator macosx xros xrsimulator";
				SWIFT_EMIT_LOC_STRINGS = NO;
				SWIFT_VERSION = 5.0;
				TARGETED_DEVICE_FAMILY = "1,2,7";
				TEST_TARGET_NAME = gamesomesort;
				XROS_DEPLOYMENT_TARGET = 2.5;
			};
			name = Debug;
		};
		631E2DE12DE90E3400A5F49C /* Release */ = {
			isa = XCBuildConfiguration;
			buildSettings = {
				CODE_SIGN_STYLE = Automatic;
				CURRENT_PROJECT_VERSION = 1;
				DEAD_CODE_STRIPPING = YES;
				DEVELOPMENT_TEAM = VUGNZY6N5J;
				GENERATE_INFOPLIST_FILE = YES;
				IPHONEOS_DEPLOYMENT_TARGET = 18.5;
				MACOSX_DEPLOYMENT_TARGET = 15.5;
				MARKETING_VERSION = 1.0;
				PRODUCT_BUNDLE_IDENTIFIER = com.dkanen.gamesomesortUITests;
				PRODUCT_NAME = "$(TARGET_NAME)";
				SDKROOT = auto;
				SUPPORTED_PLATFORMS = "iphoneos iphonesimulator macosx xros xrsimulator";
				SWIFT_EMIT_LOC_STRINGS = NO;
				SWIFT_VERSION = 5.0;
				TARGETED_DEVICE_FAMILY = "1,2,7";
				TEST_TARGET_NAME = gamesomesort;
				XROS_DEPLOYMENT_TARGET = 2.5;
			};
			name = Release;
		};
/* End XCBuildConfiguration section */

/* Begin XCConfigurationList section */
		631E2DB22DE90E3200A5F49C /* Build configuration list for PBXProject "gamesomesort" */ = {
			isa = XCConfigurationList;
			buildConfigurations = (
				631E2DD72DE90E3400A5F49C /* Debug */,
				631E2DD82DE90E3400A5F49C /* Release */,
			);
			defaultConfigurationIsVisible = 0;
			defaultConfigurationName = Release;
		};
		631E2DD92DE90E3400A5F49C /* Build configuration list for PBXNativeTarget "gamesomesort" */ = {
			isa = XCConfigurationList;
			buildConfigurations = (
				631E2DDA2DE90E3400A5F49C /* Debug */,
				631E2DDB2DE90E3400A5F49C /* Release */,
			);
			defaultConfigurationIsVisible = 0;
			defaultConfigurationName = Release;
		};
		631E2DDC2DE90E3400A5F49C /* Build configuration list for PBXNativeTarget "gamesomesortTests" */ = {
			isa = XCConfigurationList;
			buildConfigurations = (
				631E2DDD2DE90E3400A5F49C /* Debug */,
				631E2DDE2DE90E3400A5F49C /* Release */,
			);
			defaultConfigurationIsVisible = 0;
			defaultConfigurationName = Release;
		};
		631E2DDF2DE90E3400A5F49C /* Build configuration list for PBXNativeTarget "gamesomesortUITests" */ = {
			isa = XCConfigurationList;
			buildConfigurations = (
				631E2DE02DE90E3400A5F49C /* Debug */,
				631E2DE12DE90E3400A5F49C /* Release */,
			);
			defaultConfigurationIsVisible = 0;
			defaultConfigurationName = Release;
		};
/* End XCConfigurationList section */

/* Begin XCLocalSwiftPackageReference section */
		6390715A2E1B728100FE7DEE /* XCLocalSwiftPackageReference "lecs-swift" */ = {
			isa = XCLocalSwiftPackageReference;
			relativePath = "lecs-swift";
		};
/* End XCLocalSwiftPackageReference section */

/* Begin XCSwiftPackageProductDependency section */
		630CF38C2F359EB900538CA2 /* DataStructures */ = {
			isa = XCSwiftPackageProductDependency;
			productName = DataStructures;
		};
		6390715B2E1B728100FE7DEE /* lecs-swift */ = {
			isa = XCSwiftPackageProductDependency;
			productName = "lecs-swift";
		};
		63CEB8A72F454A5700700D04 /* VRTMath */ = {
			isa = XCSwiftPackageProductDependency;
			productName = VRTMath;
		};
/* End XCSwiftPackageProductDependency section */
	};
	rootObject = 631E2DAF2DE90E3200A5F49C /* Project object */;
}
